// !$*UTF8*$!
{
	archiveVersion = 1;
	classes = {
	};
	objectVersion = 77;
	objects = {

/* Begin PBXBuildFile section */
		370245622FEDAEF100FD1963 /* FirebaseMessaging in Frameworks */ = {isa = PBXBuildFile; productRef = 370245612FEDAEF100FD1963 /* FirebaseMessaging */; };
		3719A4782FD9A08700F510C0 /* FirebaseAuth in Frameworks */ = {isa = PBXBuildFile; productRef = 3719A4772FD9A08700F510C0 /* FirebaseAuth */; };
		3719A47A2FD9A08700F510C0 /* FirebaseFirestore in Frameworks */ = {isa = PBXBuildFile; productRef = 3719A4792FD9A08700F510C0 /* FirebaseFirestore */; };
		3719A47C2FD9A08700F510C0 /* FirebaseCore in Frameworks */ = {isa = PBXBuildFile; productRef = 3719A47B2FD9A08700F510C0 /* FirebaseCore */; };
		D001CA70000000000000C0DE /* RevenueCat in Frameworks */ = {isa = PBXBuildFile; productRef = D001CA70000000000000B0DE /* RevenueCat */; };
		F00D57A6E0000000000001DE /* FirebaseStorage in Frameworks */ = {isa = PBXBuildFile; productRef = F00D57A6E0000000000000DE /* FirebaseStorage */; };
		F00DFC72E0000000000001FC /* FirebaseFunctions in Frameworks */ = {isa = PBXBuildFile; productRef = F00DFC72E0000000000000FC /* FirebaseFunctions */; };
		F00AC7ECE0000000000001AC /* FirebaseAppCheck in Frameworks */ = {isa = PBXBuildFile; productRef = F00AC7ECE0000000000000AC /* FirebaseAppCheck */; };
/* End PBXBuildFile section */

/* Begin PBXContainerItemProxy section */
		371B07902FBDB9BF00DD381C /* PBXContainerItemProxy */ = {
			isa = PBXContainerItemProxy;
			containerPortal = 371B07792FBDB9B700DD381C /* Project object */;
			proxyType = 1;
			remoteGlobalIDString = 371B07802FBDB9B700DD381C;
			remoteInfo = iLovu;
		};
		371B079A2FBDB9BF00DD381C /* PBXContainerItemProxy */ = {
			isa = PBXContainerItemProxy;
			containerPortal = 371B07792FBDB9B700DD381C /* Project object */;
			proxyType = 1;
			remoteGlobalIDString = 371B07802FBDB9B700DD381C;
			remoteInfo = iLovu;
		};
/* End PBXContainerItemProxy section */

/* Begin PBXFileReference section */
		371B07812FBDB9B700DD381C /* iLovu.app */ = {isa = PBXFileReference; explicitFileType = wrapper.application; includeInIndex = 0; path = iLovu.app; sourceTree = BUILT_PRODUCTS_DIR; };
		371B078F2FBDB9BF00DD381C /* iLovuTests.xctest */ = {isa = PBXFileReference; explicitFileType = wrapper.cfbundle; includeInIndex = 0; path = iLovuTests.xctest; sourceTree = BUILT_PRODUCTS_DIR; };
		371B07992FBDB9BF00DD381C /* iLovuUITests.xctest */ = {isa = PBXFileReference; explicitFileType = wrapper.cfbundle; includeInIndex = 0; path = iLovuUITests.xctest; sourceTree = BUILT_PRODUCTS_DIR; };
/* End PBXFileReference section */

/* Begin PBXFileSystemSynchronizedRootGroup section */
		371B07832FBDB9B700DD381C /* iLovu */ = {
			isa = PBXFileSystemSynchronizedRootGroup;
			path = iLovu;
			sourceTree = "<group>";
		};
		371B07922FBDB9BF00DD381C /* iLovuTests */ = {
			isa = PBXFileSystemSynchronizedRootGroup;
			path = iLovuTests;
			sourceTree = "<group>";
		};
		371B079C2FBDB9BF00DD381C /* iLovuUITests */ = {
			isa = PBXFileSystemSynchronizedRootGroup;
			path = iLovuUITests;
			sourceTree = "<group>";
		};
/* End PBXFileSystemSynchronizedRootGroup section */

/* Begin PBXFrameworksBuildPhase section */
		371B077E2FBDB9B700DD381C /* Frameworks */ = {
			isa = PBXFrameworksBuildPhase;
			buildActionMask = 2147483647;
			files = (
				370245622FEDAEF100FD1963 /* FirebaseMessaging in Frameworks */,
				3719A4782FD9A08700F510C0 /* FirebaseAuth in Frameworks */,
				3719A47A2FD9A08700F510C0 /* FirebaseFirestore in Frameworks */,
				3719A47C2FD9A08700F510C0 /* FirebaseCore in Frameworks */,
				D001CA70000000000000C0DE /* RevenueCat in Frameworks */,
				F00D57A6E0000000000001DE /* FirebaseStorage in Frameworks */,
				F00DFC72E0000000000001FC /* FirebaseFunctions in Frameworks */,
				F00AC7ECE0000000000001AC /* FirebaseAppCheck in Frameworks */,
			);
			runOnlyForDeploymentPostprocessing = 0;
		};
		371B078C2FBDB9BF00DD381C /* Frameworks */ = {
			isa = PBXFrameworksBuildPhase;
			buildActionMask = 2147483647;
			files = (
			);
			runOnlyForDeploymentPostprocessing = 0;
		};
		371B07962FBDB9BF00DD381C /* Frameworks */ = {
			isa = PBXFrameworksBuildPhase;
			buildActionMask = 2147483647;
			files = (
			);
			runOnlyForDeploymentPostprocessing = 0;
		};
/* End PBXFrameworksBuildPhase section */

/* Begin PBXGroup section */
		370245602FEDAEF100FD1963 /* Frameworks */ = {
			isa = PBXGroup;
			children = (
			);
			name = Frameworks;
			sourceTree = "<group>";
		};
		371B07782FBDB9B700DD381C = {
			isa = PBXGroup;
			children = (
				371B07832FBDB9B700DD381C /* iLovu */,
				371B07922FBDB9BF00DD381C /* iLovuTests */,
				371B079C2FBDB9BF00DD381C /* iLovuUITests */,
				370245602FEDAEF100FD1963 /* Frameworks */,
				371B07822FBDB9B700DD381C /* Products */,
			);
			sourceTree = "<group>";
		};
		371B07822FBDB9B700DD381C /* Products */ = {
			isa = PBXGroup;
			children = (
				371B07812FBDB9B700DD381C /* iLovu.app */,
				371B078F2FBDB9BF00DD381C /* iLovuTests.xctest */,
				371B07992FBDB9BF00DD381C /* iLovuUITests.xctest */,
			);
			name = Products;
			sourceTree = "<group>";
		};
/* End PBXGroup section */

/* Begin PBXNativeTarget section */
		371B07802FBDB9B700DD381C /* iLovu */ = {
			isa = PBXNativeTarget;
			buildConfigurationList = 371B07A32FBDB9BF00DD381C /* Build configuration list for PBXNativeTarget "iLovu" */;
			buildPhases = (
				371B077D2FBDB9B700DD381C /* Sources */,
				371B077E2FBDB9B700DD381C /* Frameworks */,
				371B077F2FBDB9B700DD381C /* Resources */,
			);
			buildRules = (
			);
			dependencies = (
			);
			fileSystemSynchronizedGroups = (
				371B07832FBDB9B700DD381C /* iLovu */,
			);
			name = iLovu;
			packageProductDependencies = (
				3719A4772FD9A08700F510C0 /* FirebaseAuth */,
				3719A4792FD9A08700F510C0 /* FirebaseFirestore */,
				3719A47B2FD9A08700F510C0 /* FirebaseCore */,
				D001CA70000000000000B0DE /* RevenueCat */,
				F00D57A6E0000000000000DE /* FirebaseStorage */,
				370245612FEDAEF100FD1963 /* FirebaseMessaging */,
				F00DFC72E0000000000000FC /* FirebaseFunctions */,
				F00AC7ECE0000000000000AC /* FirebaseAppCheck */,
			);
			productName = iLovu;
			productReference = 371B07812FBDB9B700DD381C /* iLovu.app */;
			productType = "com.apple.product-type.application";
		};
		371B078E2FBDB9BF00DD381C /* iLovuTests */ = {
			isa = PBXNativeTarget;
			buildConfigurationList = 371B07A62FBDB9BF00DD381C /* Build configuration list for PBXNativeTarget "iLovuTests" */;
			buildPhases = (
				371B078B2FBDB9BF00DD381C /* Sources */,
				371B078C2FBDB9BF00DD381C /* Frameworks */,
				371B078D2FBDB9BF00DD381C /* Resources */,
			);
			buildRules = (
			);
			dependencies = (
				371B07912FBDB9BF00DD381C /* PBXTargetDependency */,
			);
			fileSystemSynchronizedGroups = (
				371B07922FBDB9BF00DD381C /* iLovuTests */,
			);
			name = iLovuTests;
			packageProductDependencies = (
			);
			productName = iLovuTests;
			productReference = 371B078F2FBDB9BF00DD381C /* iLovuTests.xctest */;
			productType = "com.apple.product-type.bundle.unit-test";
		};
		371B07982FBDB9BF00DD381C /* iLovuUITests */ = {
			isa = PBXNativeTarget;
			buildConfigurationList = 371B07A92FBDB9BF00DD381C /* Build configuration list for PBXNativeTarget "iLovuUITests" */;
			buildPhases = (
				371B07952FBDB9BF00DD381C /* Sources */,
				371B07962FBDB9BF00DD381C /* Frameworks */,
				371B07972FBDB9BF00DD381C /* Resources */,
			);
			buildRules = (
			);
			dependencies = (
				371B079B2FBDB9BF00DD381C /* PBXTargetDependency */,
			);
			fileSystemSynchronizedGroups = (
				371B079C2FBDB9BF00DD381C /* iLovuUITests */,
			);
			name = iLovuUITests;
			packageProductDependencies = (
			);
			productName = iLovuUITests;
			productReference = 371B07992FBDB9BF00DD381C /* iLovuUITests.xctest */;
			productType = "com.apple.product-type.bundle.ui-testing";
		};
/* End PBXNativeTarget section */

/* Begin PBXProject section */
		371B07792FBDB9B700DD381C /* Project object */ = {
			isa = PBXProject;
			attributes = {
				BuildIndependentTargetsInParallel = 1;
				LastSwiftUpdateCheck = 1640;
				LastUpgradeCheck = 2660;
				TargetAttributes = {
					371B07802FBDB9B700DD381C = {
						CreatedOnToolsVersion = 16.4;
					};
					371B078E2FBDB9BF00DD381C = {
						CreatedOnToolsVersion = 16.4;
						TestTargetID = 371B07802FBDB9B700DD381C;
					};
					371B07982FBDB9BF00DD381C = {
						CreatedOnToolsVersion = 16.4;
						TestTargetID = 371B07802FBDB9B700DD381C;
					};
				};
			};
			buildConfigurationList = 371B077C2FBDB9B700DD381C /* Build configuration list for PBXProject "iLovu" */;
			developmentRegion = en;
			hasScannedForEncodings = 0;
			knownRegions = (
				en,
				Base,
			);
			mainGroup = 371B07782FBDB9B700DD381C;
			minimizedProjectReferenceProxies = 1;
			packageReferences = (
				3719A4762FD9A08700F510C0 /* XCRemoteSwiftPackageReference "firebase-ios-sdk" */,
				D001CA70000000000000A0DE /* XCRemoteSwiftPackageReference "purchases-ios" */,
			);
			preferredProjectObjectVersion = 77;
			productRefGroup = 371B07822FBDB9B700DD381C /* Products */;
			projectDirPath = "";
			projectRoot = "";
			targets = (
				371B07802FBDB9B700DD381C /* iLovu */,
				371B078E2FBDB9BF00DD381C /* iLovuTests */,
				371B07982FBDB9BF00DD381C /* iLovuUITests */,
			);
		};
/* End PBXProject section */

/* Begin PBXResourcesBuildPhase section */
		371B077F2FBDB9B700DD381C /* Resources */ = {
			isa = PBXResourcesBuildPhase;
			buildActionMask = 2147483647;
			files = (
			);
			runOnlyForDeploymentPostprocessing = 0;
		};
		371B078D2FBDB9BF00DD381C /* Resources */ = {
			isa = PBXResourcesBuildPhase;
			buildActionMask = 2147483647;
			files = (
			);
			runOnlyForDeploymentPostprocessing = 0;
		};
		371B07972FBDB9BF00DD381C /* Resources */ = {
			isa = PBXResourcesBuildPhase;
			buildActionMask = 2147483647;
			files = (
			);
			runOnlyForDeploymentPostprocessing = 0;
		};
/* End PBXResourcesBuildPhase section */

/* Begin PBXSourcesBuildPhase section */
		371B077D2FBDB9B700DD381C /* Sources */ = {
			isa = PBXSourcesBuildPhase;
			buildActionMask = 2147483647;
			files = (
			);
			runOnlyForDeploymentPostprocessing = 0;
		};
		371B078B2FBDB9BF00DD381C /* Sources */ = {
			isa = PBXSourcesBuildPhase;
			buildActionMask = 2147483647;
			files = (
			);
			runOnlyForDeploymentPostprocessing = 0;
		};
		371B07952FBDB9BF00DD381C /* Sources */ = {
			isa = PBXSourcesBuildPhase;
			buildActionMask = 2147483647;
			files = (
			);
			runOnlyForDeploymentPostprocessing = 0;
		};
/* End PBXSourcesBuildPhase section */

/* Begin PBXTargetDependency section */
		371B07912FBDB9BF00DD381C /* PBXTargetDependency */ = {
			isa = PBXTargetDependency;
			target = 371B07802FBDB9B700DD381C /* iLovu */;
			targetProxy = 371B07902FBDB9BF00DD381C /* PBXContainerItemProxy */;
		};
		371B079B2FBDB9BF00DD381C /* PBXTargetDependency */ = {
			isa = PBXTargetDependency;
			target = 371B07802FBDB9B700DD381C /* iLovu */;
			targetProxy = 371B079A2FBDB9BF00DD381C /* PBXContainerItemProxy */;
		};
/* End PBXTargetDependency section */

/* Begin XCBuildConfiguration section */
		371B07A12FBDB9BF00DD381C /* Debug */ = {
			isa = XCBuildConfiguration;
			buildSettings = {
				ALWAYS_SEARCH_USER_PATHS = NO;
				ASSETCATALOG_COMPILER_GENERATE_SWIFT_ASSET_SYMBOL_EXTENSIONS = YES;
				CLANG_ANALYZER_NONNULL = YES;
				CLANG_ANALYZER_NUMBER_OBJECT_CONVERSION = YES_AGGRESSIVE;
				CLANG_CXX_LANGUAGE_STANDARD = "gnu++20";
				CLANG_ENABLE_MODULES = YES;
				CLANG_ENABLE_OBJC_ARC = YES;
				CLANG_ENABLE_OBJC_WEAK = YES;
				CLANG_WARN_BLOCK_CAPTURE_AUTORELEASING = YES;
				CLANG_WARN_BOOL_CONVERSION = YES;
				CLANG_WARN_COMMA = YES;
				CLANG_WARN_CONSTANT_CONVERSION = YES;
				CLANG_WARN_DEPRECATED_OBJC_IMPLEMENTATIONS = YES;
				CLANG_WARN_DIRECT_OBJC_ISA_USAGE = YES_ERROR;
				CLANG_WARN_DOCUMENTATION_COMMENTS = YES;
				CLANG_WARN_EMPTY_BODY = YES;
				CLANG_WARN_ENUM_CONVERSION = YES;
				CLANG_WARN_INFINITE_RECURSION = YES;
				CLANG_WARN_INT_CONVERSION = YES;
				CLANG_WARN_NON_LITERAL_NULL_CONVERSION = YES;
				CLANG_WARN_OBJC_IMPLICIT_RETAIN_SELF = YES;
				CLANG_WARN_OBJC_LITERAL_CONVERSION = YES;
				CLANG_WARN_OBJC_ROOT_CLASS = YES_ERROR;
				CLANG_WARN_QUOTED_INCLUDE_IN_FRAMEWORK_HEADER = YES;
				CLANG_WARN_RANGE_LOOP_ANALYSIS = YES;
				CLANG_WARN_STRICT_PROTOTYPES = YES;
				CLANG_WARN_SUSPICIOUS_MOVE = YES;
				CLANG_WARN_UNGUARDED_AVAILABILITY = YES_AGGRESSIVE;
				CLANG_WARN_UNREACHABLE_CODE = YES;
				CLANG_WARN__DUPLICATE_METHOD_MATCH = YES;
				COPY_PHASE_STRIP = NO;
				DEAD_CODE_STRIPPING = YES;
				DEBUG_INFORMATION_FORMAT = dwarf;
				ENABLE_STRICT_OBJC_MSGSEND = YES;
				ENABLE_TESTABILITY = YES;
				ENABLE_USER_SCRIPT_SANDBOXING = YES;
				GCC_C_LANGUAGE_STANDARD = gnu17;
				GCC_DYNAMIC_NO_PIC = NO;
				GCC_NO_COMMON_BLOCKS = YES;
				GCC_OPTIMIZATION_LEVEL = 0;
				GCC_PREPROCESSOR_DEFINITIONS = (
					"DEBUG=1",
					"$(inherited)",
				);
				GCC_WARN_64_TO_32_BIT_CONVERSION = YES;
				GCC_WARN_ABOUT_RETURN_TYPE = YES_ERROR;
				GCC_WARN_UNDECLARED_SELECTOR = YES;
				GCC_WARN_UNINITIALIZED_AUTOS = YES_AGGRESSIVE;
				GCC_WARN_UNUSED_FUNCTION = YES;
				GCC_WARN_UNUSED_VARIABLE = YES;
				LOCALIZATION_PREFERS_STRING_CATALOGS = YES;
				MTL_ENABLE_DEBUG_INFO = INCLUDE_SOURCE;
				MTL_FAST_MATH = YES;
				ONLY_ACTIVE_ARCH = YES;
				STRING_CATALOG_GENERATE_SYMBOLS = YES;
				SWIFT_ACTIVE_COMPILATION_CONDITIONS = "DEBUG $(inherited)";
				SWIFT_OPTIMIZATION_LEVEL = "-Onone";
			};
			name = Debug;
		};
		371B07A22FBDB9BF00DD381C /* Release */ = {
			isa = XCBuildConfiguration;
			buildSettings = {
				ALWAYS_SEARCH_USER_PATHS = NO;
				ASSETCATALOG_COMPILER_GENERATE_SWIFT_ASSET_SYMBOL_EXTENSIONS = YES;
				CLANG_ANALYZER_NONNULL = YES;
				CLANG_ANALYZER_NUMBER_OBJECT_CONVERSION = YES_AGGRESSIVE;
				CLANG_CXX_LANGUAGE_STANDARD = "gnu++20";
				CLANG_ENABLE_MODULES = YES;
				CLANG_ENABLE_OBJC_ARC = YES;
				CLANG_ENABLE_OBJC_WEAK = YES;
				CLANG_WARN_BLOCK_CAPTURE_AUTORELEASING = YES;
				CLANG_WARN_BOOL_CONVERSION = YES;
				CLANG_WARN_COMMA = YES;
				CLANG_WARN_CONSTANT_CONVERSION = YES;
				CLANG_WARN_DEPRECATED_OBJC_IMPLEMENTATIONS = YES;
				CLANG_WARN_DIRECT_OBJC_ISA_USAGE = YES_ERROR;
				CLANG_WARN_DOCUMENTATION_COMMENTS = YES;
				CLANG_WARN_EMPTY_BODY = YES;
				CLANG_WARN_ENUM_CONVERSION = YES;
				CLANG_WARN_INFINITE_RECURSION = YES;
				CLANG_WARN_INT_CONVERSION = YES;
				CLANG_WARN_NON_LITERAL_NULL_CONVERSION = YES;
				CLANG_WARN_OBJC_IMPLICIT_RETAIN_SELF = YES;
				CLANG_WARN_OBJC_LITERAL_CONVERSION = YES;
				CLANG_WARN_OBJC_ROOT_CLASS = YES_ERROR;
				CLANG_WARN_QUOTED_INCLUDE_IN_FRAMEWORK_HEADER = YES;
				CLANG_WARN_RANGE_LOOP_ANALYSIS = YES;
				CLANG_WARN_STRICT_PROTOTYPES = YES;
				CLANG_WARN_SUSPICIOUS_MOVE = YES;
				CLANG_WARN_UNGUARDED_AVAILABILITY = YES_AGGRESSIVE;
				CLANG_WARN_UNREACHABLE_CODE = YES;
				CLANG_WARN__DUPLICATE_METHOD_MATCH = YES;
				COPY_PHASE_STRIP = NO;
				DEAD_CODE_STRIPPING = YES;
				DEBUG_INFORMATION_FORMAT = "dwarf-with-dsym";
				ENABLE_NS_ASSERTIONS = NO;
				ENABLE_STRICT_OBJC_MSGSEND = YES;
				ENABLE_USER_SCRIPT_SANDBOXING = YES;
				GCC_C_LANGUAGE_STANDARD = gnu17;
				GCC_NO_COMMON_BLOCKS = YES;
				GCC_WARN_64_TO_32_BIT_CONVERSION = YES;
				GCC_WARN_ABOUT_RETURN_TYPE = YES_ERROR;
				GCC_WARN_UNDECLARED_SELECTOR = YES;
				GCC_WARN_UNINITIALIZED_AUTOS = YES_AGGRESSIVE;
				GCC_WARN_UNUSED_FUNCTION = YES;
				GCC_WARN_UNUSED_VARIABLE = YES;
				LOCALIZATION_PREFERS_STRING_CATALOGS = YES;
				MTL_ENABLE_DEBUG_INFO = NO;
				MTL_FAST_MATH = YES;
				STRING_CATALOG_GENERATE_SYMBOLS = YES;
				SWIFT_COMPILATION_MODE = wholemodule;
			};
			name = Release;
		};
		371B07A42FBDB9BF00DD381C /* Debug */ = {
			isa = XCBuildConfiguration;
			buildSettings = {
				ASSETCATALOG_COMPILER_APPICON_NAME = AppIcon;
				ASSETCATALOG_COMPILER_GLOBAL_ACCENT_COLOR_NAME = AccentColor;
				CODE_SIGN_ENTITLEMENTS = iLovu/iLovu.entitlements;
				CODE_SIGN_STYLE = Automatic;
				CURRENT_PROJECT_VERSION = 1;
				DEAD_CODE_STRIPPING = YES;
				DEVELOPMENT_TEAM = 65872WH355;
				ENABLE_PREVIEWS = YES;
				GENERATE_INFOPLIST_FILE = YES;
				INFOPLIST_FILE = Info.plist;
				INFOPLIST_KEY_LSApplicationCategoryType = "";
				INFOPLIST_KEY_NSCalendarsWriteOnlyAccessUsageDescription = "iLovu adds your planned dates and event matches to your calendar so you both remember when they are.";
				INFOPLIST_KEY_NSLocationWhenInUseUsageDescription = "iLovu uses your location to find date spots near you.";
				"INFOPLIST_KEY_UIApplicationSceneManifest_Generation[sdk=iphoneos*]" = YES;
				"INFOPLIST_KEY_UIApplicationSceneManifest_Generation[sdk=iphonesimulator*]" = YES;
				"INFOPLIST_KEY_UIApplicationSupportsIndirectInputEvents[sdk=iphoneos*]" = YES;
				"INFOPLIST_KEY_UIApplicationSupportsIndirectInputEvents[sdk=iphonesimulator*]" = YES;
				"INFOPLIST_KEY_UILaunchScreen_Generation[sdk=iphoneos*]" = YES;
				"INFOPLIST_KEY_UILaunchScreen_Generation[sdk=iphonesimulator*]" = YES;
				"INFOPLIST_KEY_UIStatusBarStyle[sdk=iphoneos*]" = UIStatusBarStyleDefault;
				"INFOPLIST_KEY_UIStatusBarStyle[sdk=iphonesimulator*]" = UIStatusBarStyleDefault;
				INFOPLIST_KEY_UISupportedInterfaceOrientations_iPad = "UIInterfaceOrientationPortrait UIInterfaceOrientationPortraitUpsideDown UIInterfaceOrientationLandscapeLeft UIInterfaceOrientationLandscapeRight";
				INFOPLIST_KEY_UISupportedInterfaceOrientations_iPhone = "UIInterfaceOrientationPortrait UIInterfaceOrientationLandscapeLeft UIInterfaceOrientationLandscapeRight";
				IPHONEOS_DEPLOYMENT_TARGET = 18.5;
				LD_RUNPATH_SEARCH_PATHS = "@executable_path/Frameworks";
				"LD_RUNPATH_SEARCH_PATHS[sdk=macosx*]" = "@executable_path/../Frameworks";
				MACOSX_DEPLOYMENT_TARGET = 15.5;
				MARKETING_VERSION = 1.0;
				PRODUCT_BUNDLE_IDENTIFIER = com.ilovu.app.iLovu;
				PRODUCT_NAME = "$(TARGET_NAME)";
				REGISTER_APP_GROUPS = YES;
				SDKROOT = auto;
				SUPPORTED_PLATFORMS = "iphoneos iphonesimulator";
				SWIFT_EMIT_LOC_STRINGS = YES;
				SWIFT_USE_INTEGRATED_DRIVER = NO;
				SWIFT_VERSION = 5.0;
				TARGETED_DEVICE_FAMILY = 1;
				XROS_DEPLOYMENT_TARGET = 2.5;
			};
			name = Debug;
		};
		371B07A52FBDB9BF00DD381C /* Release */ = {
			isa = XCBuildConfiguration;
			buildSettings = {
				ASSETCATALOG_COMPILER_APPICON_NAME = AppIcon;
				ASSETCATALOG_COMPILER_GLOBAL_ACCENT_COLOR_NAME = AccentColor;
				CODE_SIGN_ENTITLEMENTS = iLovu/iLovu.entitlements;
				CODE_SIGN_STYLE = Automatic;
				CURRENT_PROJECT_VERSION = 1;
				DEAD_CODE_STRIPPING = YES;
				DEVELOPMENT_TEAM = 65872WH355;
				ENABLE_PREVIEWS = YES;
				GENERATE_INFOPLIST_FILE = YES;
				INFOPLIST_FILE = Info.plist;
				INFOPLIST_KEY_LSApplicationCategoryType = "";
				INFOPLIST_KEY_NSCalendarsWriteOnlyAccessUsageDescription = "iLovu adds your planned dates and event matches to your calendar so you both remember when they are.";
				INFOPLIST_KEY_NSLocationWhenInUseUsageDescription = "iLovu uses your location to find date spots near you.";
				"INFOPLIST_KEY_UIApplicationSceneManifest_Generation[sdk=iphoneos*]" = YES;
				"INFOPLIST_KEY_UIApplicationSceneManifest_Generation[sdk=iphonesimulator*]" = YES;
				"INFOPLIST_KEY_UIApplicationSupportsIndirectInputEvents[sdk=iphoneos*]" = YES;
				"INFOPLIST_KEY_UIApplicationSupportsIndirectInputEvents[sdk=iphonesimulator*]" = YES;
				"INFOPLIST_KEY_UILaunchScreen_Generation[sdk=iphoneos*]" = YES;
				"INFOPLIST_KEY_UILaunchScreen_Generation[sdk=iphonesimulator*]" = YES;
				"INFOPLIST_KEY_UIStatusBarStyle[sdk=iphoneos*]" = UIStatusBarStyleDefault;
				"INFOPLIST_KEY_UIStatusBarStyle[sdk=iphonesimulator*]" = UIStatusBarStyleDefault;
				INFOPLIST_KEY_UISupportedInterfaceOrientations_iPad = "UIInterfaceOrientationPortrait UIInterfaceOrientationPortraitUpsideDown UIInterfaceOrientationLandscapeLeft UIInterfaceOrientationLandscapeRight";
				INFOPLIST_KEY_UISupportedInterfaceOrientations_iPhone = "UIInterfaceOrientationPortrait UIInterfaceOrientationLandscapeLeft UIInterfaceOrientationLandscapeRight";
				IPHONEOS_DEPLOYMENT_TARGET = 18.5;
				LD_RUNPATH_SEARCH_PATHS = "@executable_path/Frameworks";
				"LD_RUNPATH_SEARCH_PATHS[sdk=macosx*]" = "@executable_path/../Frameworks";
				MACOSX_DEPLOYMENT_TARGET = 15.5;
				MARKETING_VERSION = 1.0;
				PRODUCT_BUNDLE_IDENTIFIER = com.ilovu.app.iLovu;
				PRODUCT_NAME = "$(TARGET_NAME)";
				REGISTER_APP_GROUPS = YES;
				SDKROOT = auto;
				SUPPORTED_PLATFORMS = "iphoneos iphonesimulator";
				SWIFT_EMIT_LOC_STRINGS = YES;
				SWIFT_USE_INTEGRATED_DRIVER = NO;
				SWIFT_VERSION = 5.0;
				TARGETED_DEVICE_FAMILY = 1;
				XROS_DEPLOYMENT_TARGET = 2.5;
			};
			name = Release;
		};
		371B07A72FBDB9BF00DD381C /* Debug */ = {
			isa = XCBuildConfiguration;
			buildSettings = {
				BUNDLE_LOADER = "$(TEST_HOST)";
				CODE_SIGN_STYLE = Automatic;
				CURRENT_PROJECT_VERSION = 1;
				DEAD_CODE_STRIPPING = YES;
				GENERATE_INFOPLIST_FILE = YES;
				IPHONEOS_DEPLOYMENT_TARGET = 18.5;
				MACOSX_DEPLOYMENT_TARGET = 15.5;
				MARKETING_VERSION = 1.0;
				PRODUCT_BUNDLE_IDENTIFIER = com.ilovu.app.iLovuTests;
				PRODUCT_NAME = "$(TARGET_NAME)";
				SDKROOT = auto;
				SUPPORTED_PLATFORMS = "iphoneos iphonesimulator macosx xros xrsimulator";
				SWIFT_EMIT_LOC_STRINGS = NO;
				SWIFT_VERSION = 5.0;
				TARGETED_DEVICE_FAMILY = "1,2,7";
				TEST_HOST = "$(BUILT_PRODUCTS_DIR)/iLovu.app/$(BUNDLE_EXECUTABLE_FOLDER_PATH)/iLovu";
				XROS_DEPLOYMENT_TARGET = 2.5;
			};
			name = Debug;
		};
		371B07A82FBDB9BF00DD381C /* Release */ = {
			isa = XCBuildConfiguration;
			buildSettings = {
				BUNDLE_LOADER = "$(TEST_HOST)";
				CODE_SIGN_STYLE = Automatic;
				CURRENT_PROJECT_VERSION = 1;
				DEAD_CODE_STRIPPING = YES;
				GENERATE_INFOPLIST_FILE = YES;
				IPHONEOS_DEPLOYMENT_TARGET = 18.5;
				MACOSX_DEPLOYMENT_TARGET = 15.5;
				MARKETING_VERSION = 1.0;
				PRODUCT_BUNDLE_IDENTIFIER = com.ilovu.app.iLovuTests;
				PRODUCT_NAME = "$(TARGET_NAME)";
				SDKROOT = auto;
				SUPPORTED_PLATFORMS = "iphoneos iphonesimulator macosx xros xrsimulator";
				SWIFT_EMIT_LOC_STRINGS = NO;
				SWIFT_VERSION = 5.0;
				TARGETED_DEVICE_FAMILY = "1,2,7";
				TEST_HOST = "$(BUILT_PRODUCTS_DIR)/iLovu.app/$(BUNDLE_EXECUTABLE_FOLDER_PATH)/iLovu";
				XROS_DEPLOYMENT_TARGET = 2.5;
			};
			name = Release;
		};
		371B07AA2FBDB9BF00DD381C /* Debug */ = {
			isa = XCBuildConfiguration;
			buildSettings = {
				CODE_SIGN_STYLE = Automatic;
				CURRENT_PROJECT_VERSION = 1;
				DEAD_CODE_STRIPPING = YES;
				GENERATE_INFOPLIST_FILE = YES;
				IPHONEOS_DEPLOYMENT_TARGET = 18.5;
				MACOSX_DEPLOYMENT_TARGET = 15.5;
				MARKETING_VERSION = 1.0;
				PRODUCT_BUNDLE_IDENTIFIER = com.ilovu.app.iLovuUITests;
				PRODUCT_NAME = "$(TARGET_NAME)";
				SDKROOT = auto;
				SUPPORTED_PLATFORMS = "iphoneos iphonesimulator macosx xros xrsimulator";
				SWIFT_EMIT_LOC_STRINGS = NO;
				SWIFT_VERSION = 5.0;
				TARGETED_DEVICE_FAMILY = "1,2,7";
				TEST_TARGET_NAME = iLovu;
				XROS_DEPLOYMENT_TARGET = 2.5;
			};
			name = Debug;
		};
		371B07AB2FBDB9BF00DD381C /* Release */ = {
			isa = XCBuildConfiguration;
			buildSettings = {
				CODE_SIGN_STYLE = Automatic;
				CURRENT_PROJECT_VERSION = 1;
				DEAD_CODE_STRIPPING = YES;
				GENERATE_INFOPLIST_FILE = YES;
				IPHONEOS_DEPLOYMENT_TARGET = 18.5;
				MACOSX_DEPLOYMENT_TARGET = 15.5;
				MARKETING_VERSION = 1.0;
				PRODUCT_BUNDLE_IDENTIFIER = com.ilovu.app.iLovuUITests;
				PRODUCT_NAME = "$(TARGET_NAME)";
				SDKROOT = auto;
				SUPPORTED_PLATFORMS = "iphoneos iphonesimulator macosx xros xrsimulator";
				SWIFT_EMIT_LOC_STRINGS = NO;
				SWIFT_VERSION = 5.0;
				TARGETED_DEVICE_FAMILY = "1,2,7";
				TEST_TARGET_NAME = iLovu;
				XROS_DEPLOYMENT_TARGET = 2.5;
			};
			name = Release;
		};
/* End XCBuildConfiguration section */

/* Begin XCConfigurationList section */
		371B077C2FBDB9B700DD381C /* Build configuration list for PBXProject "iLovu" */ = {
			isa = XCConfigurationList;
			buildConfigurations = (
				371B07A12FBDB9BF00DD381C /* Debug */,
				371B07A22FBDB9BF00DD381C /* Release */,
			);
			defaultConfigurationIsVisible = 0;
			defaultConfigurationName = Release;
		};
		371B07A32FBDB9BF00DD381C /* Build configuration list for PBXNativeTarget "iLovu" */ = {
			isa = XCConfigurationList;
			buildConfigurations = (
				371B07A42FBDB9BF00DD381C /* Debug */,
				371B07A52FBDB9BF00DD381C /* Release */,
			);
			defaultConfigurationIsVisible = 0;
			defaultConfigurationName = Release;
		};
		371B07A62FBDB9BF00DD381C /* Build configuration list for PBXNativeTarget "iLovuTests" */ = {
			isa = XCConfigurationList;
			buildConfigurations = (
				371B07A72FBDB9BF00DD381C /* Debug */,
				371B07A82FBDB9BF00DD381C /* Release */,
			);
			defaultConfigurationIsVisible = 0;
			defaultConfigurationName = Release;
		};
		371B07A92FBDB9BF00DD381C /* Build configuration list for PBXNativeTarget "iLovuUITests" */ = {
			isa = XCConfigurationList;
			buildConfigurations = (
				371B07AA2FBDB9BF00DD381C /* Debug */,
				371B07AB2FBDB9BF00DD381C /* Release */,
			);
			defaultConfigurationIsVisible = 0;
			defaultConfigurationName = Release;
		};
/* End XCConfigurationList section */

/* Begin XCRemoteSwiftPackageReference section */
		3719A4762FD9A08700F510C0 /* XCRemoteSwiftPackageReference "firebase-ios-sdk" */ = {
			isa = XCRemoteSwiftPackageReference;
			repositoryURL = "https://github.com/firebase/firebase-ios-sdk";
			requirement = {
				kind = upToNextMajorVersion;
				minimumVersion = 12.14.0;
			};
		};
		D001CA70000000000000A0DE /* XCRemoteSwiftPackageReference "purchases-ios" */ = {
			isa = XCRemoteSwiftPackageReference;
			repositoryURL = "https://github.com/RevenueCat/purchases-ios";
			requirement = {
				kind = upToNextMajorVersion;
				minimumVersion = 5.0.0;
			};
		};
/* End XCRemoteSwiftPackageReference section */

/* Begin XCSwiftPackageProductDependency section */
		370245612FEDAEF100FD1963 /* FirebaseMessaging */ = {
			isa = XCSwiftPackageProductDependency;
			package = 3719A4762FD9A08700F510C0 /* XCRemoteSwiftPackageReference "firebase-ios-sdk" */;
			productName = FirebaseMessaging;
		};
		3719A4772FD9A08700F510C0 /* FirebaseAuth */ = {
			isa = XCSwiftPackageProductDependency;
			package = 3719A4762FD9A08700F510C0 /* XCRemoteSwiftPackageReference "firebase-ios-sdk" */;
			productName = FirebaseAuth;
		};
		3719A4792FD9A08700F510C0 /* FirebaseFirestore */ = {
			isa = XCSwiftPackageProductDependency;
			package = 3719A4762FD9A08700F510C0 /* XCRemoteSwiftPackageReference "firebase-ios-sdk" */;
			productName = FirebaseFirestore;
		};
		3719A47B2FD9A08700F510C0 /* FirebaseCore */ = {
			isa = XCSwiftPackageProductDependency;
			package = 3719A4762FD9A08700F510C0 /* XCRemoteSwiftPackageReference "firebase-ios-sdk" */;
			productName = FirebaseCore;
		};
		D001CA70000000000000B0DE /* RevenueCat */ = {
			isa = XCSwiftPackageProductDependency;
			package = D001CA70000000000000A0DE /* XCRemoteSwiftPackageReference "purchases-ios" */;
			productName = RevenueCat;
		};
		F00D57A6E0000000000000DE /* FirebaseStorage */ = {
			isa = XCSwiftPackageProductDependency;
			package = 3719A4762FD9A08700F510C0 /* XCRemoteSwiftPackageReference "firebase-ios-sdk" */;
			productName = FirebaseStorage;
		};
		F00DFC72E0000000000000FC /* FirebaseFunctions */ = {
			isa = XCSwiftPackageProductDependency;
			package = 3719A4762FD9A08700F510C0 /* XCRemoteSwiftPackageReference "firebase-ios-sdk" */;
			productName = FirebaseFunctions;
		};
		F00AC7ECE0000000000000AC /* FirebaseAppCheck */ = {
			isa = XCSwiftPackageProductDependency;
			package = 3719A4762FD9A08700F510C0 /* XCRemoteSwiftPackageReference "firebase-ios-sdk" */;
			productName = FirebaseAppCheck;
		};
/* End XCSwiftPackageProductDependency section */
	};
	rootObject = 371B07792FBDB9B700DD381C /* Project object */;
}
